{
  "name": "xsltdev.ru",
  "version": "3.1.1",
  "lockfileVersion": 1,
  "requires": true,
  "dependencies": {
    "@prettier/plugin-xml": {
      "version": "0.12.0",
      "resolved": "https://registry.npmjs.org/@prettier/plugin-xml/-/plugin-xml-0.12.0.tgz",
      "integrity": "sha512-196oXlmim2SiqeG1jQO5aS/nChI85DvyfIQTBkOiVHHev2j15x4TVxOMGAWHkqdlD8pmCg/KmX8SfFIyT2L7tA==",
      "dev": true,
      "requires": {
        "@xml-tools/parser": "^1.0.2",
        "prettier": ">=1.10"
      }
    },
    "@xml-tools/parser": {
      "version": "1.0.7",
      "resolved": "https://registry.npmjs.org/@xml-tools/parser/-/parser-1.0.7.tgz",
      "integrity": "sha512-mdjG4dWj4zaubxWAgr0YMNkZr182aHek5xrpDqgITNnGf+E8FhvAmCU95QiL9+pGjqK8Qfd+qnuer9f8KELRyQ==",
      "dev": true,
      "requires": {
        "chevrotain": "7.0.1"
      }
    },
    "chevrotain": {
      "version": "7.0.1",
      "resolved": "https://registry.npmjs.org/chevrotain/-/chevrotain-7.0.1.tgz",
      "integrity": "sha512-B/44jrdw5GAzy483LEeVSgXSX0qOYM8lUd3l5+yf6Vl6OQjEUCm2BUiYbHRCIK6xCEvCLAFe1kj8uyV6+zdaVw==",
      "dev": true,
      "requires": {
        "regexp-to-ast": "0.5.0"
      }
    },
    "prettier": {
      "version": "2.1.2",
      "resolved": "https://registry.npmjs.org/prettier/-/prettier-2.1.2.tgz",
      "integrity": "sha512-16c7K+x4qVlJg9rEbXl7HEGmQyZlG4R9AgP+oHKRMsMsuk8s+ATStlf1NpDqyBI1HpVyfjLOeMhH2LvuNvV5Vg==",
      "dev": true
    },
    "regexp-to-ast": {
      "version": "0.5.0",
      "resolved": "https://registry.npmjs.org/regexp-to-ast/-/regexp-to-ast-0.5.0.tgz",
      "integrity": "sha512-tlbJqcMHnPKI9zSrystikWKwHkBqu2a/Sgw01h3zFjvYrMxEDYHzzoMZnUrbIfpTFEsoRnnviOXNCzFiSc54Qw==",
      "dev": true
    }
  }
}
